
Microsoft Visual Studio Solution File, Format Version 12.00
# Visual Studio Version 16
VisualStudioVersion = 16.0.32228.343
MinimumVisualStudioVersion = 10.0.40219.1
Project("{FAE04EC0-301F-11D3-BF4B-00C04F79EFBC}") = "Client", "..\Client\Client.csproj", "{A7149E0F-4FEF-449D-8140-29D1017AB601}"
EndProject
Project("{FAE04EC0-301F-11D3-BF4B-00C04F79EFBC}") = "CommonClasses", "..\CommonClasses\CommonClasses.csproj", "{910C080A-DDAA-4BD9-B7A5-CC572800DD80}"
EndProject
Project("{FAE04EC0-301F-11D3-BF4B-00C04F79EFBC}") = "Server", "Server.csproj", "{DF507567-2257-4D67-954C-B59E5B018515}"
EndProject
Global
	GlobalSection(SolutionConfigurationPlatforms) = preSolution
		Debug|Any CPU = Debug|Any CPU
		Release|Any CPU = Release|Any CPU
	EndGlobalSection
	GlobalSection(ProjectConfigurationPlatforms) = postSolution
		{A7149E0F-4FEF-449D-8140-29D1017AB601}.Debug|Any CPU.ActiveCfg = Debug|Any CPU
		{A7149E0F-4FEF-449D-8140-29D1017AB601}.Debug|Any CPU.Build.0 = Debug|Any CPU
		{A7149E0F-4FEF-449D-8140-29D1017AB601}.Release|Any CPU.ActiveCfg = Release|Any CPU
		{A7149E0F-4FEF-449D-8140-29D1017AB601}.Release|Any CPU.Build.0 = Release|Any CPU
		{910C080A-DDAA-4BD9-B7A5-CC572800DD80}.Debug|Any CPU.ActiveCfg = Debug|Any CPU
		{910C080A-DDAA-4BD9-B7A5-CC572800DD80}.Debug|Any CPU.Build.0 = Debug|Any CPU
		{910C080A-DDAA-4BD9-B7A5-CC572800DD80}.Release|Any CPU.ActiveCfg = Release|Any CPU
		{910C080A-DDAA-4BD9-B7A5-CC572800DD80}.Release|Any CPU.Build.0 = Release|Any CPU
		{DF507567-2257-4D67-954C-B59E5B018515}.Debug|Any CPU.ActiveCfg = Debug|Any CPU
		{DF507567-2257-4D67-954C-B59E5B018515}.Debug|Any CPU.Build.0 = Debug|Any CPU
		{DF507567-2257-4D67-954C-B59E5B018515}.Release|Any CPU.ActiveCfg = Release|Any CPU
		{DF507567-2257-4D67-954C-B59E5B018515}.Release|Any CPU.Build.0 = Release|Any CPU
	EndGlobalSection
	GlobalSection(SolutionProperties) = preSolution
		HideSolutionNode = FALSE
	EndGlobalSection
	GlobalSection(ExtensibilityGlobals) = postSolution
		SolutionGuid = {DAF2DA22-F39B-4CF1-9880-BE771B6C8D53}
	EndGlobalSection
EndGlobal
